
Microsoft Visual Studio Solution File, Format Version 12.00
# Visual Studio Version 17
VisualStudioVersion = 17.8.34330.188
MinimumVisualStudioVersion = 10.0.40219.1
Project("{2150E333-8FDC-42A3-9474-1A3956D46DE8}") = "Services", "Services", "{ADDEE7E8-42D6-493C-BE87-BB882F954FA4}"
EndProject
Project("{2150E333-8FDC-42A3-9474-1A3956D46DE8}") = "Catalog", "Catalog", "{B0D28594-726E-4C61-82FC-53A1FB1BF121}"
EndProject
Project("{9A19103F-16F7-4668-BE54-9A1E7A4F7556}") = "Catalog.API", "Services\Catalog\Catalog.API\Catalog.API.csproj", "{7D70B94D-DD8C-4B86-BF7B-F3D6D9DEB99B}"
EndProject
Project("{2150E333-8FDC-42A3-9474-1A3956D46DE8}") = "BuildingBlocks", "BuildingBlocks", "{24CDE0FD-999E-4F15-B685-3BFA65E5821E}"
EndProject
Project("{9A19103F-16F7-4668-BE54-9A1E7A4F7556}") = "BuildingBlocks", "BuildingBlocks\BuildingBlocks\BuildingBlocks.csproj", "{88C344CC-4873-4A7A-ACD1-4B715BAACCEE}"
EndProject
Project("{2150E333-8FDC-42A3-9474-1A3956D46DE8}") = "Basket", "Basket", "{B5238E09-B151-48FF-9CAF-AB11B163DEFF}"
EndProject
Project("{9A19103F-16F7-4668-BE54-9A1E7A4F7556}") = "Basket.API", "Services\Basket\Basket.API\Basket.API.csproj", "{6CC8196F-C446-4B36-B2D9-30CCA99F06D8}"
EndProject
Project("{E53339B2-1760-4266-BCC7-CA923CBCF16C}") = "docker-compose", "docker-compose.dcproj", "{D28303ED-2C72-4CA3-8967-06944B7CFC37}"
EndProject
Project("{2150E333-8FDC-42A3-9474-1A3956D46DE8}") = "Discount", "Discount", "{F2BBAD28-7381-4C98-891D-9C170E4495D6}"
EndProject
Project("{9A19103F-16F7-4668-BE54-9A1E7A4F7556}") = "Discount.Grpc", "Services\Discount\Discount.Grpc\Discount.Grpc.csproj", "{F72A998E-3170-4880-BEC9-98BD9B60ABFB}"
EndProject
Project("{2150E333-8FDC-42A3-9474-1A3956D46DE8}") = "Ordering", "Ordering", "{C933D0EC-9ABB-4213-AC70-741D9AA4AFFE}"
EndProject
Project("{9A19103F-16F7-4668-BE54-9A1E7A4F7556}") = "Ordering.API", "Services\Ordering\Ordering.API\Ordering.API.csproj", "{B980951B-2078-4CAA-A63E-77D3540171AD}"
EndProject
Project("{9A19103F-16F7-4668-BE54-9A1E7A4F7556}") = "Ordering.Domain", "Services\Ordering\Ordering.Domain\Ordering.Domain.csproj", "{6E16BF48-FFB3-4F0B-80E6-036DD648BBF6}"
EndProject
Project("{9A19103F-16F7-4668-BE54-9A1E7A4F7556}") = "Ordering.Application", "Services\Ordering\Ordering.Application\Ordering.Application.csproj", "{F61395B9-28D6-4EDE-A5E6-B9CDC21A0D8D}"
EndProject
Project("{9A19103F-16F7-4668-BE54-9A1E7A4F7556}") = "Ordering.Infrastructure", "Services\Ordering\Ordering.Infrastructure\Ordering.Infrastructure.csproj", "{A4F8FD06-EB2F-4F88-B70F-70D2F926AA5F}"
EndProject
Project("{FAE04EC0-301F-11D3-BF4B-00C04F79EFBC}") = "BuildingBlocks.Messaging", "BuildingBlocks\BuildingBlocks.Messaging\BuildingBlocks.Messaging.csproj", "{EB28F14A-4E5A-4BD8-AE4E-BABE47CCB4C6}"
EndProject
Global
	GlobalSection(SolutionConfigurationPlatforms) = preSolution
		Debug|Any CPU = Debug|Any CPU
		Release|Any CPU = Release|Any CPU
	EndGlobalSection
	GlobalSection(ProjectConfigurationPlatforms) = postSolution
		{7D70B94D-DD8C-4B86-BF7B-F3D6D9DEB99B}.Debug|Any CPU.ActiveCfg = Debug|Any CPU
		{7D70B94D-DD8C-4B86-BF7B-F3D6D9DEB99B}.Debug|Any CPU.Build.0 = Debug|Any CPU
		{7D70B94D-DD8C-4B86-BF7B-F3D6D9DEB99B}.Release|Any CPU.ActiveCfg = Release|Any CPU
		{7D70B94D-DD8C-4B86-BF7B-F3D6D9DEB99B}.Release|Any CPU.Build.0 = Release|Any CPU
		{88C344CC-4873-4A7A-ACD1-4B715BAACCEE}.Debug|Any CPU.ActiveCfg = Debug|Any CPU
		{88C344CC-4873-4A7A-ACD1-4B715BAACCEE}.Debug|Any CPU.Build.0 = Debug|Any CPU
		{88C344CC-4873-4A7A-ACD1-4B715BAACCEE}.Release|Any CPU.ActiveCfg = Release|Any CPU
		{88C344CC-4873-4A7A-ACD1-4B715BAACCEE}.Release|Any CPU.Build.0 = Release|Any CPU
		{6CC8196F-C446-4B36-B2D9-30CCA99F06D8}.Debug|Any CPU.ActiveCfg = Debug|Any CPU
		{6CC8196F-C446-4B36-B2D9-30CCA99F06D8}.Debug|Any CPU.Build.0 = Debug|Any CPU
		{6CC8196F-C446-4B36-B2D9-30CCA99F06D8}.Release|Any CPU.ActiveCfg = Release|Any CPU
		{6CC8196F-C446-4B36-B2D9-30CCA99F06D8}.Release|Any CPU.Build.0 = Release|Any CPU
		{D28303ED-2C72-4CA3-8967-06944B7CFC37}.Debug|Any CPU.ActiveCfg = Debug|Any CPU
		{D28303ED-2C72-4CA3-8967-06944B7CFC37}.Debug|Any CPU.Build.0 = Debug|Any CPU
		{D28303ED-2C72-4CA3-8967-06944B7CFC37}.Release|Any CPU.ActiveCfg = Release|Any CPU
		{D28303ED-2C72-4CA3-8967-06944B7CFC37}.Release|Any CPU.Build.0 = Release|Any CPU
		{F72A998E-3170-4880-BEC9-98BD9B60ABFB}.Debug|Any CPU.ActiveCfg = Debug|Any CPU
		{F72A998E-3170-4880-BEC9-98BD9B60ABFB}.Debug|Any CPU.Build.0 = Debug|Any CPU
		{F72A998E-3170-4880-BEC9-98BD9B60ABFB}.Release|Any CPU.ActiveCfg = Release|Any CPU
		{F72A998E-3170-4880-BEC9-98BD9B60ABFB}.Release|Any CPU.Build.0 = Release|Any CPU
		{B980951B-2078-4CAA-A63E-77D3540171AD}.Debug|Any CPU.ActiveCfg = Debug|Any CPU
		{B980951B-2078-4CAA-A63E-77D3540171AD}.Debug|Any CPU.Build.0 = Debug|Any CPU
		{B980951B-2078-4CAA-A63E-77D3540171AD}.Release|Any CPU.ActiveCfg = Release|Any CPU
		{B980951B-2078-4CAA-A63E-77D3540171AD}.Release|Any CPU.Build.0 = Release|Any CPU
		{6E16BF48-FFB3-4F0B-80E6-036DD648BBF6}.Debug|Any CPU.ActiveCfg = Debug|Any CPU
		{6E16BF48-FFB3-4F0B-80E6-036DD648BBF6}.Debug|Any CPU.Build.0 = Debug|Any CPU
		{6E16BF48-FFB3-4F0B-80E6-036DD648BBF6}.Release|Any CPU.ActiveCfg = Release|Any CPU
		{6E16BF48-FFB3-4F0B-80E6-036DD648BBF6}.Release|Any CPU.Build.0 = Release|Any CPU
		{F61395B9-28D6-4EDE-A5E6-B9CDC21A0D8D}.Debug|Any CPU.ActiveCfg = Debug|Any CPU
		{F61395B9-28D6-4EDE-A5E6-B9CDC21A0D8D}.Debug|Any CPU.Build.0 = Debug|Any CPU
		{F61395B9-28D6-4EDE-A5E6-B9CDC21A0D8D}.Release|Any CPU.ActiveCfg = Release|Any CPU
		{F61395B9-28D6-4EDE-A5E6-B9CDC21A0D8D}.Release|Any CPU.Build.0 = Release|Any CPU
		{A4F8FD06-EB2F-4F88-B70F-70D2F926AA5F}.Debug|Any CPU.ActiveCfg = Debug|Any CPU
		{A4F8FD06-EB2F-4F88-B70F-70D2F926AA5F}.Debug|Any CPU.Build.0 = Debug|Any CPU
		{A4F8FD06-EB2F-4F88-B70F-70D2F926AA5F}.Release|Any CPU.ActiveCfg = Release|Any CPU
		{A4F8FD06-EB2F-4F88-B70F-70D2F926AA5F}.Release|Any CPU.Build.0 = Release|Any CPU
		{EB28F14A-4E5A-4BD8-AE4E-BABE47CCB4C6}.Debug|Any CPU.ActiveCfg = Debug|Any CPU
		{EB28F14A-4E5A-4BD8-AE4E-BABE47CCB4C6}.Debug|Any CPU.Build.0 = Debug|Any CPU
		{EB28F14A-4E5A-4BD8-AE4E-BABE47CCB4C6}.Release|Any CPU.ActiveCfg = Release|Any CPU
		{EB28F14A-4E5A-4BD8-AE4E-BABE47CCB4C6}.Release|Any CPU.Build.0 = Release|Any CPU
	EndGlobalSection
	GlobalSection(SolutionProperties) = preSolution
		HideSolutionNode = FALSE
	EndGlobalSection
	GlobalSection(NestedProjects) = preSolution
		{B0D28594-726E-4C61-82FC-53A1FB1BF121} = {ADDEE7E8-42D6-493C-BE87-BB882F954FA4}
		{7D70B94D-DD8C-4B86-BF7B-F3D6D9DEB99B} = {B0D28594-726E-4C61-82FC-53A1FB1BF121}
		{88C344CC-4873-4A7A-ACD1-4B715BAACCEE} = {24CDE0FD-999E-4F15-B685-3BFA65E5821E}
		{B5238E09-B151-48FF-9CAF-AB11B163DEFF} = {ADDEE7E8-42D6-493C-BE87-BB882F954FA4}
		{6CC8196F-C446-4B36-B2D9-30CCA99F06D8} = {B5238E09-B151-48FF-9CAF-AB11B163DEFF}
		{F2BBAD28-7381-4C98-891D-9C170E4495D6} = {ADDEE7E8-42D6-493C-BE87-BB882F954FA4}
		{F72A998E-3170-4880-BEC9-98BD9B60ABFB} = {F2BBAD28-7381-4C98-891D-9C170E4495D6}
		{C933D0EC-9ABB-4213-AC70-741D9AA4AFFE} = {ADDEE7E8-42D6-493C-BE87-BB882F954FA4}
		{B980951B-2078-4CAA-A63E-77D3540171AD} = {C933D0EC-9ABB-4213-AC70-741D9AA4AFFE}
		{6E16BF48-FFB3-4F0B-80E6-036DD648BBF6} = {C933D0EC-9ABB-4213-AC70-741D9AA4AFFE}
		{F61395B9-28D6-4EDE-A5E6-B9CDC21A0D8D} = {C933D0EC-9ABB-4213-AC70-741D9AA4AFFE}
		{A4F8FD06-EB2F-4F88-B70F-70D2F926AA5F} = {C933D0EC-9ABB-4213-AC70-741D9AA4AFFE}
		{EB28F14A-4E5A-4BD8-AE4E-BABE47CCB4C6} = {24CDE0FD-999E-4F15-B685-3BFA65E5821E}
	EndGlobalSection
	GlobalSection(ExtensibilityGlobals) = postSolution
		SolutionGuid = {14BAF21D-9756-4352-8A70-620DFCACFDA9}
	EndGlobalSection
EndGlobal
